
Microsoft Visual Studio Solution File, Format Version 12.00
# Visual Studio Version 17
VisualStudioVersion = 17.0.31903.59
MinimumVisualStudioVersion = 10.0.40219.1
Project("{2150E333-8FDC-42A3-9474-1A3956D46DE8}") = "src", "src", "{827E0CD3-B72D-47B6-A68D-7590B98EB39B}"
EndProject
Project("{FAE04EC0-301F-11D3-BF4B-00C04F79EFBC}") = "GeoTrack.Domain", "src\GeoTrack.Domain\GeoTrack.Domain.csproj", "{1FD4F244-56E6-4922-9E00-871EFA73C129}"
EndProject
Project("{FAE04EC0-301F-11D3-BF4B-00C04F79EFBC}") = "GeoTrack.Application", "src\GeoTrack.Application\GeoTrack.Application.csproj", "{1B71449D-7047-4DF5-96C6-7755E7F1C159}"
EndProject
Project("{FAE04EC0-301F-11D3-BF4B-00C04F79EFBC}") = "GeoTrack.Infrastructure", "src\GeoTrack.Infrastructure\GeoTrack.Infrastructure.csproj", "{AFAE9570-394A-47B8-A7DB-A1278BCC34D2}"
EndProject
Project("{FAE04EC0-301F-11D3-BF4B-00C04F79EFBC}") = "GeoTrack.Api", "src\GeoTrack.Api\GeoTrack.Api.csproj", "{09CF355E-02DC-4922-86BF-3F94C5E40989}"
EndProject
Project("{2150E333-8FDC-42A3-9474-1A3956D46DE8}") = "tests", "tests", "{0AB3BF05-4346-4AA6-1389-037BE0695223}"
EndProject
Project("{FAE04EC0-301F-11D3-BF4B-00C04F79EFBC}") = "GeoTrack.UnitTests", "tests\GeoTrack.UnitTests\GeoTrack.UnitTests.csproj", "{CB197E60-174F-4E06-8E43-307A86D634F6}"
EndProject
Project("{FAE04EC0-301F-11D3-BF4B-00C04F79EFBC}") = "GeoTrack.IntegrationTests", "tests\GeoTrack.IntegrationTests\GeoTrack.IntegrationTests.csproj", "{BC53ADF6-F22F-4D77-9C15-AA0B554396E7}"
EndProject
Global
	GlobalSection(SolutionConfigurationPlatforms) = preSolution
		Debug|Any CPU = Debug|Any CPU
		Debug|x64 = Debug|x64
		Debug|x86 = Debug|x86
		Release|Any CPU = Release|Any CPU
		Release|x64 = Release|x64
		Release|x86 = Release|x86
	EndGlobalSection
	GlobalSection(ProjectConfigurationPlatforms) = postSolution
		{1FD4F244-56E6-4922-9E00-871EFA73C129}.Debug|Any CPU.ActiveCfg = Debug|Any CPU
		{1FD4F244-56E6-4922-9E00-871EFA73C129}.Debug|Any CPU.Build.0 = Debug|Any CPU
		{1FD4F244-56E6-4922-9E00-871EFA73C129}.Debug|x64.ActiveCfg = Debug|Any CPU
		{1FD4F244-56E6-4922-9E00-871EFA73C129}.Debug|x64.Build.0 = Debug|Any CPU
		{1FD4F244-56E6-4922-9E00-871EFA73C129}.Debug|x86.ActiveCfg = Debug|Any CPU
		{1FD4F244-56E6-4922-9E00-871EFA73C129}.Debug|x86.Build.0 = Debug|Any CPU
		{1FD4F244-56E6-4922-9E00-871EFA73C129}.Release|Any CPU.ActiveCfg = Release|Any CPU
		{1FD4F244-56E6-4922-9E00-871EFA73C129}.Release|Any CPU.Build.0 = Release|Any CPU
		{1FD4F244-56E6-4922-9E00-871EFA73C129}.Release|x64.ActiveCfg = Release|Any CPU
		{1FD4F244-56E6-4922-9E00-871EFA73C129}.Release|x64.Build.0 = Release|Any CPU
		{1FD4F244-56E6-4922-9E00-871EFA73C129}.Release|x86.ActiveCfg = Release|Any CPU
		{1FD4F244-56E6-4922-9E00-871EFA73C129}.Release|x86.Build.0 = Release|Any CPU
		{1B71449D-7047-4DF5-96C6-7755E7F1C159}.Debug|Any CPU.ActiveCfg = Debug|Any CPU
		{1B71449D-7047-4DF5-96C6-7755E7F1C159}.Debug|Any CPU.Build.0 = Debug|Any CPU
		{1B71449D-7047-4DF5-96C6-7755E7F1C159}.Debug|x64.ActiveCfg = Debug|Any CPU
		{1B71449D-7047-4DF5-96C6-7755E7F1C159}.Debug|x64.Build.0 = Debug|Any CPU
		{1B71449D-7047-4DF5-96C6-7755E7F1C159}.Debug|x86.ActiveCfg = Debug|Any CPU
		{1B71449D-7047-4DF5-96C6-7755E7F1C159}.Debug|x86.Build.0 = Debug|Any CPU
		{1B71449D-7047-4DF5-96C6-7755E7F1C159}.Release|Any CPU.ActiveCfg = Release|Any CPU
		{1B71449D-7047-4DF5-96C6-7755E7F1C159}.Release|Any CPU.Build.0 = Release|Any CPU
		{1B71449D-7047-4DF5-96C6-7755E7F1C159}.Release|x64.ActiveCfg = Release|Any CPU
		{1B71449D-7047-4DF5-96C6-7755E7F1C159}.Release|x64.Build.0 = Release|Any CPU
		{1B71449D-7047-4DF5-96C6-7755E7F1C159}.Release|x86.ActiveCfg = Release|Any CPU
		{1B71449D-7047-4DF5-96C6-7755E7F1C159}.Release|x86.Build.0 = Release|Any CPU
		{AFAE9570-394A-47B8-A7DB-A1278BCC34D2}.Debug|Any CPU.ActiveCfg = Debug|Any CPU
		{AFAE9570-394A-47B8-A7DB-A1278BCC34D2}.Debug|Any CPU.Build.0 = Debug|Any CPU
		{AFAE9570-394A-47B8-A7DB-A1278BCC34D2}.Debug|x64.ActiveCfg = Debug|Any CPU
		{AFAE9570-394A-47B8-A7DB-A1278BCC34D2}.Debug|x64.Build.0 = Debug|Any CPU
		{AFAE9570-394A-47B8-A7DB-A1278BCC34D2}.Debug|x86.ActiveCfg = Debug|Any CPU
		{AFAE9570-394A-47B8-A7DB-A1278BCC34D2}.Debug|x86.Build.0 = Debug|Any CPU
		{AFAE9570-394A-47B8-A7DB-A1278BCC34D2}.Release|Any CPU.ActiveCfg = Release|Any CPU
		{AFAE9570-394A-47B8-A7DB-A1278BCC34D2}.Release|Any CPU.Build.0 = Release|Any CPU
		{AFAE9570-394A-47B8-A7DB-A1278BCC34D2}.Release|x64.ActiveCfg = Release|Any CPU
		{AFAE9570-394A-47B8-A7DB-A1278BCC34D2}.Release|x64.Build.0 = Release|Any CPU
		{AFAE9570-394A-47B8-A7DB-A1278BCC34D2}.Release|x86.ActiveCfg = Release|Any CPU
		{AFAE9570-394A-47B8-A7DB-A1278BCC34D2}.Release|x86.Build.0 = Release|Any CPU
		{09CF355E-02DC-4922-86BF-3F94C5E40989}.Debug|Any CPU.ActiveCfg = Debug|Any CPU
		{09CF355E-02DC-4922-86BF-3F94C5E40989}.Debug|Any CPU.Build.0 = Debug|Any CPU
		{09CF355E-02DC-4922-86BF-3F94C5E40989}.Debug|x64.ActiveCfg = Debug|Any CPU
		{09CF355E-02DC-4922-86BF-3F94C5E40989}.Debug|x64.Build.0 = Debug|Any CPU
		{09CF355E-02DC-4922-86BF-3F94C5E40989}.Debug|x86.ActiveCfg = Debug|Any CPU
		{09CF355E-02DC-4922-86BF-3F94C5E40989}.Debug|x86.Build.0 = Debug|Any CPU
		{09CF355E-02DC-4922-86BF-3F94C5E40989}.Release|Any CPU.ActiveCfg = Release|Any CPU
		{09CF355E-02DC-4922-86BF-3F94C5E40989}.Release|Any CPU.Build.0 = Release|Any CPU
		{09CF355E-02DC-4922-86BF-3F94C5E40989}.Release|x64.ActiveCfg = Release|Any CPU
		{09CF355E-02DC-4922-86BF-3F94C5E40989}.Release|x64.Build.0 = Release|Any CPU
		{09CF355E-02DC-4922-86BF-3F94C5E40989}.Release|x86.ActiveCfg = Release|Any CPU
		{09CF355E-02DC-4922-86BF-3F94C5E40989}.Release|x86.Build.0 = Release|Any CPU
		{CB197E60-174F-4E06-8E43-307A86D634F6}.Debug|Any CPU.ActiveCfg = Debug|Any CPU
		{CB197E60-174F-4E06-8E43-307A86D634F6}.Debug|Any CPU.Build.0 = Debug|Any CPU
		{CB197E60-174F-4E06-8E43-307A86D634F6}.Debug|x64.ActiveCfg = Debug|Any CPU
		{CB197E60-174F-4E06-8E43-307A86D634F6}.Debug|x64.Build.0 = Debug|Any CPU
		{CB197E60-174F-4E06-8E43-307A86D634F6}.Debug|x86.ActiveCfg = Debug|Any CPU
		{CB197E60-174F-4E06-8E43-307A86D634F6}.Debug|x86.Build.0 = Debug|Any CPU
		{CB197E60-174F-4E06-8E43-307A86D634F6}.Release|Any CPU.ActiveCfg = Release|Any CPU
		{CB197E60-174F-4E06-8E43-307A86D634F6}.Release|Any CPU.Build.0 = Release|Any CPU
		{CB197E60-174F-4E06-8E43-307A86D634F6}.Release|x64.ActiveCfg = Release|Any CPU
		{CB197E60-174F-4E06-8E43-307A86D634F6}.Release|x64.Build.0 = Release|Any CPU
		{CB197E60-174F-4E06-8E43-307A86D634F6}.Release|x86.ActiveCfg = Release|Any CPU
		{CB197E60-174F-4E06-8E43-307A86D634F6}.Release|x86.Build.0 = Release|Any CPU
		{BC53ADF6-F22F-4D77-9C15-AA0B554396E7}.Debug|Any CPU.ActiveCfg = Debug|Any CPU
		{BC53ADF6-F22F-4D77-9C15-AA0B554396E7}.Debug|Any CPU.Build.0 = Debug|Any CPU
		{BC53ADF6-F22F-4D77-9C15-AA0B554396E7}.Debug|x64.ActiveCfg = Debug|Any CPU
		{BC53ADF6-F22F-4D77-9C15-AA0B554396E7}.Debug|x64.Build.0 = Debug|Any CPU
		{BC53ADF6-F22F-4D77-9C15-AA0B554396E7}.Debug|x86.ActiveCfg = Debug|Any CPU
		{BC53ADF6-F22F-4D77-9C15-AA0B554396E7}.Debug|x86.Build.0 = Debug|Any CPU
		{BC53ADF6-F22F-4D77-9C15-AA0B554396E7}.Release|Any CPU.ActiveCfg = Release|Any CPU
		{BC53ADF6-F22F-4D77-9C15-AA0B554396E7}.Release|Any CPU.Build.0 = Release|Any CPU
		{BC53ADF6-F22F-4D77-9C15-AA0B554396E7}.Release|x64.ActiveCfg = Release|Any CPU
		{BC53ADF6-F22F-4D77-9C15-AA0B554396E7}.Release|x64.Build.0 = Release|Any CPU
		{BC53ADF6-F22F-4D77-9C15-AA0B554396E7}.Release|x86.ActiveCfg = Release|Any CPU
		{BC53ADF6-F22F-4D77-9C15-AA0B554396E7}.Release|x86.Build.0 = Release|Any CPU
	EndGlobalSection
	GlobalSection(SolutionProperties) = preSolution
		HideSolutionNode = FALSE
	EndGlobalSection
	GlobalSection(NestedProjects) = preSolution
		{1FD4F244-56E6-4922-9E00-871EFA73C129} = {827E0CD3-B72D-47B6-A68D-7590B98EB39B}
		{1B71449D-7047-4DF5-96C6-7755E7F1C159} = {827E0CD3-B72D-47B6-A68D-7590B98EB39B}
		{AFAE9570-394A-47B8-A7DB-A1278BCC34D2} = {827E0CD3-B72D-47B6-A68D-7590B98EB39B}
		{09CF355E-02DC-4922-86BF-3F94C5E40989} = {827E0CD3-B72D-47B6-A68D-7590B98EB39B}
		{CB197E60-174F-4E06-8E43-307A86D634F6} = {0AB3BF05-4346-4AA6-1389-037BE0695223}
		{BC53ADF6-F22F-4D77-9C15-AA0B554396E7} = {0AB3BF05-4346-4AA6-1389-037BE0695223}
	EndGlobalSection
EndGlobal
